{
  "lockfile_version": "1",
  "packages": {
    "buf@1.72.0": {
      "last_modified": "2026-09-25T18:38:24Z",
      "resolved": "github:NixOS/nixpkgs/79b6d20e55596f80baa35cda2a334da8a1fbf1ea#buf",
      "source": "devbox-search",
      "version": "1.72.0",
      "systems": {
        "aarch64-darwin": {
          "outputs": [
            {
              "name": "out",
              "path": "/nix/store/4hb0kxvyaxnz8agf26vv25j7f9kg9wjw-buf-1.72.0",
              "default": true
            }
          ],
          "store_path": "/nix/store/4hb0kxvyaxnz8agf26vv25j7f9kg9wjw-buf-1.72.0"
        },
        "aarch64-linux": {
          "outputs": [
            {
              "name": "out",
              "path": "/nix/store/rnj28cal3w4g3w1n05479rqyhdq54p2g-buf-1.72.0",
              "default": true
            }
          ],
          "store_path": "/nix/store/rnj28cal3w4g3w1n05479rqyhdq54p2g-buf-1.72.0"
        },
        "x86_64-linux": {
          "outputs": [
            {
              "name": "out",
              "path": "/nix/store/0d21d3022nnzpyy58qpdfqdh16f21yz4-buf-1.72.0",
              "default": true
            }
          ],
          "store_path": "/nix/store/0d21d3022nnzpyy58qpdfqdh16f21yz4-buf-1.72.0"
        }
      }
    },
    "github:NixOS/nixpkgs/nixpkgs-unstable": {
      "last_modified": "2026-10-03T07:08:11Z",
      "resolved": "github:NixOS/nixpkgs/73e728ddb6b7a12d18808f510813a13ee1fe4cce?lastModified=1791011291"
    },
    "go@1.27.0": {
      "last_modified": "2026-08-27T07:16:00Z",
      "resolved": "github:NixOS/nixpkgs/c27cdad491a991b11ed731760aa2ef8db0cb0410#go_1_27",
      "source": "devbox-search",
      "version": "1.27.0",
      "systems": {
        "aarch64-darwin": {
          "outputs": [
            {
              "name": "out",
              "path": "/nix/store/lz3qw52rpazqga73xgsqlj4qz1lgs4hg-go-1.27.0",
              "default": true
            }
          ],
          "store_path": "/nix/store/lz3qw52rpazqga73xgsqlj4qz1lgs4hg-go-1.27.0"
        },
        "aarch64-linux": {
          "outputs": [
            {
              "name": "out",
              "path": "/nix/store/zqjvg5805xkf6zsd8nrdvgbv58yw2phr-go-1.27.0",
              "default": true
            }
          ],
          "store_path": "/nix/store/zqjvg5805xkf6zsd8nrdvgbv58yw2phr-go-1.27.0"
        },
        "x86_64-linux": {
          "outputs": [
            {
              "name": "out",
              "path": "/nix/store/fibbp1k5gcpaxcin4dzk70yd056rfjhg-go-1.27.0",
              "default": true
            }
          ],
          "store_path": "/nix/store/fibbp1k5gcpaxcin4dzk70yd056rfjhg-go-1.27.0"
        }
      }
    },
    "golangci-lint@2.13.1": {
      "last_modified": "2026-08-27T07:16:00Z",
      "resolved": "github:NixOS/nixpkgs/c27cdad491a991b11ed731760aa2ef8db0cb0410#golangci-lint",
      "source": "devbox-search",
      "version": "2.13.1",
      "systems": {
        "aarch64-darwin": {
          "outputs": [
            {
              "name": "out",
              "path": "/nix/store/vyl94dsc8a2vfpx0h9hs3ls3w9hfcyfa-golangci-lint-2.13.1",
              "default": true
            }
          ],
          "store_path": "/nix/store/vyl94dsc8a2vfpx0h9hs3ls3w9hfcyfa-golangci-lint-2.13.1"
        },
        "aarch64-linux": {
          "outputs": [
            {
              "name": "out",
              "path": "/nix/store/zg1nnbiiaiq65v0h4b22hqlqpqa8ja0j-golangci-lint-2.13.1",
              "default": true
            }
          ],
          "store_path": "/nix/store/zg1nnbiiaiq65v0h4b22hqlqpqa8ja0j-golangci-lint-2.13.1"
        },
        "x86_64-linux": {
          "outputs": [
            {
              "name": "out",
              "path": "/nix/store/sqm80s7p5kx9j4ia19rw3jy41ajx1v73-golangci-lint-2.13.1",
              "default": true
            }
          ],
          "store_path": "/nix/store/sqm80s7p5kx9j4ia19rw3jy41ajx1v73-golangci-lint-2.13.1"
        }
      }
    },
    "gopls@0.23.0": {
      "last_modified": "2026-10-02T22:55:44Z",
      "resolved": "github:NixOS/nixpkgs/55ba7f49ef2962b42cbd126522b7df5f95037679#gopls",
      "source": "devbox-search",
      "version": "0.23.0",
      "systems": {
        "aarch64-darwin": {
          "outputs": [
            {
              "name": "out",
              "path": "/nix/store/xw6qjz1s06wc64g988bgnim3wc6xwmiz-gopls-0.23.0",
              "default": true
            }
          ],
          "store_path": "/nix/store/xw6qjz1s06wc64g988bgnim3wc6xwmiz-gopls-0.23.0"
        },
        "aarch64-linux": {
          "outputs": [
            {
              "name": "out",
              "path": "/nix/store/2l6b370czqhyxjfb2lzs4ga5wflm00pc-gopls-0.23.0",
              "default": true
            }
          ],
          "store_path": "/nix/store/2l6b370czqhyxjfb2lzs4ga5wflm00pc-gopls-0.23.0"
        },
        "x86_64-linux": {
          "outputs": [
            {
              "name": "out",
              "path": "/nix/store/4giw4fjj84b0gzwzcx82pwrkx3ikjwws-gopls-0.23.0",
              "default": true
            }
          ],
          "store_path": "/nix/store/4giw4fjj84b0gzwzcx82pwrkx3ikjwws-gopls-0.23.0"
        }
      }
    },
    "goreleaser@2.17.1": {
      "last_modified": "2026-10-02T22:55:44Z",
      "resolved": "github:NixOS/nixpkgs/55ba7f49ef2962b42cbd126522b7df5f95037679#goreleaser",
      "source": "devbox-search",
      "version": "2.17.1",
      "systems": {
        "aarch64-darwin": {
          "outputs": [
            {
              "name": "out",
              "path": "/nix/store/xc1v4vi2k753mpyvw3x179a1902mcwwx-goreleaser-2.17.1",
              "default": true
            }
          ],
          "store_path": "/nix/store/xc1v4vi2k753mpyvw3x179a1902mcwwx-goreleaser-2.17.1"
        },
        "aarch64-linux": {
          "outputs": [
            {
              "name": "out",
              "path": "/nix/store/srsk0h3a14wkd1yfi5ajmjqxr5hfjlsm-goreleaser-2.17.1",
              "default": true
            }
          ],
          "store_path": "/nix/store/srsk0h3a14wkd1yfi5ajmjqxr5hfjlsm-goreleaser-2.17.1"
        },
        "x86_64-linux": {
          "outputs": [
            {
              "name": "out",
              "path": "/nix/store/kl03fvkql3kibd35in718pn3nf3xx0il-goreleaser-2.17.1",
              "default": true
            }
          ],
          "store_path": "/nix/store/kl03fvkql3kibd35in718pn3nf3xx0il-goreleaser-2.17.1"
        }
      }
    },
    "govulncheck@1.7.0": {
      "last_modified": "2026-09-09T19:38:03Z",
      "resolved": "github:NixOS/nixpkgs/5052d7ccbcfb7e4ae1586cb2ecf95a2e3707dce9#govulncheck",
      "source": "devbox-search",
      "version": "1.7.0",
      "systems": {
        "aarch64-darwin": {
          "outputs": [
            {
              "name": "out",
              "path": "/nix/store/zgblryrsf4vlmbzj04pl3ngwdsn2z6h7-govulncheck-1.7.0",
              "default": true
            }
          ],
          "store_path": "/nix/store/zgblryrsf4vlmbzj04pl3ngwdsn2z6h7-govulncheck-1.7.0"
        },
        "aarch64-linux": {
          "outputs": [
            {
              "name": "out",
              "path": "/nix/store/bg71fp9wcg8d956rfnrn398nrwcagmk4-govulncheck-1.7.0",
              "default": true
            }
          ],
          "store_path": "/nix/store/bg71fp9wcg8d956rfnrn398nrwcagmk4-govulncheck-1.7.0"
        },
        "x86_64-linux": {
          "outputs": [
            {
              "name": "out",
              "path": "/nix/store/zhxphpb7hydfq73p0zkdz7sxi202sdmv-govulncheck-1.7.0",
              "default": true
            }
          ],
          "store_path": "/nix/store/zhxphpb7hydfq73p0zkdz7sxi202sdmv-govulncheck-1.7.0"
        }
      }
    },
    "just-lsp@0.6.2": {
      "last_modified": "2026-09-04T02:50:00Z",
      "resolved": "github:NixOS/nixpkgs/e5ead30d0824debba629dcf0720abeddee57b7d6#just-lsp",
      "source": "devbox-search",
      "version": "0.6.2",
      "systems": {
        "aarch64-darwin": {
          "outputs": [
            {
              "name": "out",
              "path": "/nix/store/r7c1mv8mjm65fdn48sdm3f6wmrwmf5l6-just-lsp-0.6.2",
              "default": true
            }
          ],
          "store_path": "/nix/store/r7c1mv8mjm65fdn48sdm3f6wmrwmf5l6-just-lsp-0.6.2"
        },
        "aarch64-linux": {
          "outputs": [
            {
              "name": "out",
              "path": "/nix/store/rfxfvbygljg67nacgynjrgkr5wzmj27d-just-lsp-0.6.2",
              "default": true
            }
          ],
          "store_path": "/nix/store/rfxfvbygljg67nacgynjrgkr5wzmj27d-just-lsp-0.6.2"
        },
        "x86_64-linux": {
          "outputs": [
            {
              "name": "out",
              "path": "/nix/store/8wxajvj3jlyl5f2xb81ynwz88w8kcamf-just-lsp-0.6.2",
              "default": true
            }
          ],
          "store_path": "/nix/store/8wxajvj3jlyl5f2xb81ynwz88w8kcamf-just-lsp-0.6.2"
        }
      }
    },
    "just@1.58.0": {
      "last_modified": "2026-10-02T22:55:44Z",
      "resolved": "github:NixOS/nixpkgs/55ba7f49ef2962b42cbd126522b7df5f95037679#just",
      "source": "devbox-search",
      "version": "1.58.0",
      "systems": {
        "aarch64-darwin": {
          "outputs": [
            {
              "name": "out",
              "path": "/nix/store/7myigx4c7gvdmy66z82v4gsca1y6rcsg-just-1.58.0",
              "default": true
            },
            {
              "name": "man",
              "path": "/nix/store/ndglr8n0wkxk0qpjrfazxmz3kgpypwby-just-1.58.0-man",
              "default": true
            },
            {
              "name": "doc",
              "path": "/nix/store/z45ags4638k33f3d6lla74jfxampk9y7-just-1.58.0-doc"
            }
          ],
          "store_path": "/nix/store/7myigx4c7gvdmy66z82v4gsca1y6rcsg-just-1.58.0"
        },
        "aarch64-linux": {
          "outputs": [
            {
              "name": "out",
              "path": "/nix/store/6byz8zyiqvnj7kn3kadfdks3if6sb37k-just-1.58.0",
              "default": true
            },
            {
              "name": "man",
              "path": "/nix/store/0ih4iwq1rslhr6igk1m5h7rj9bpn7qh8-just-1.58.0-man",
              "default": true
            },
            {
              "name": "doc",
              "path": "/nix/store/w5xq1nrfdsyazp0zdjs8ks581ryqlw4v-just-1.58.0-doc"
            }
          ],
          "store_path": "/nix/store/6byz8zyiqvnj7kn3kadfdks3if6sb37k-just-1.58.0"
        },
        "x86_64-linux": {
          "outputs": [
            {
              "name": "out",
              "path": "/nix/store/qgliqnslmd0pgxar92s306ipxz5vdxx2-just-1.58.0",
              "default": true
            },
            {
              "name": "man",
              "path": "/nix/store/z0dsrhyy9d04c6sr75s9sjn2hnjaxhl3-just-1.58.0-man",
              "default": true
            },
            {
              "name": "doc",
              "path": "/nix/store/dpy7p6cx6mq4xn0hh16507gd9fz7nl32-just-1.58.0-doc"
            }
          ],
          "store_path": "/nix/store/qgliqnslmd0pgxar92s306ipxz5vdxx2-just-1.58.0"
        }
      }
    },
    "ko@0.19.1": {
      "last_modified": "2026-10-02T22:55:44Z",
      "resolved": "github:NixOS/nixpkgs/55ba7f49ef2962b42cbd126522b7df5f95037679#ko",
      "source": "devbox-search",
      "version": "0.19.1",
      "systems": {
        "aarch64-darwin": {
          "outputs": [
            {
              "name": "out",
              "path": "/nix/store/82m0kz36gcvpvn2s5ic5iz5kp28kzd5d-ko-0.19.1",
              "default": true
            }
          ],
          "store_path": "/nix/store/82m0kz36gcvpvn2s5ic5iz5kp28kzd5d-ko-0.19.1"
        },
        "aarch64-linux": {
          "outputs": [
            {
              "name": "out",
              "path": "/nix/store/7iq77i2kp5b68y727d2lfcz5hcy7v3ym-ko-0.19.1",
              "default": true
            }
          ],
          "store_path": "/nix/store/7iq77i2kp5b68y727d2lfcz5hcy7v3ym-ko-0.19.1"
        },
        "x86_64-darwin": {
          "outputs": [
            {
              "name": "out",
              "path": "/nix/store/1f5j1chicqia1cz9ycgjbd25pbmc61as-ko-0.19.1",
              "default": true
            }
          ],
          "store_path": "/nix/store/1f5j1chicqia1cz9ycgjbd25pbmc61as-ko-0.19.1"
        },
        "x86_64-linux": {
          "outputs": [
            {
              "name": "out",
              "path": "/nix/store/s9lpng9972bm1nyg5xyx80mkwybm5b7g-ko-0.19.1",
              "default": true
            }
          ],
          "store_path": "/nix/store/s9lpng9972bm1nyg5xyx80mkwybm5b7g-ko-0.19.1"
        }
      }
    },
    "kubernetes-helm@4.2.4": {
      "last_modified": "2026-09-13T01:58:51Z",
      "resolved": "github:NixOS/nixpkgs/02f5696b0e6097e589076d886b317b83ff0437d7#kubernetes-helm",
      "source": "devbox-search",
      "version": "4.2.4",
      "systems": {
        "aarch64-darwin": {
          "outputs": [
            {
              "name": "out",
              "path": "/nix/store/iliy66ljfwgsqlwhsiw4mv17q5zarxsm-kubernetes-helm-4.2.4",
              "default": true
            }
          ],
          "store_path": "/nix/store/iliy66ljfwgsqlwhsiw4mv17q5zarxsm-kubernetes-helm-4.2.4"
        },
        "aarch64-linux": {
          "outputs": [
            {
              "name": "out",
              "path": "/nix/store/6lhz67pghv20aihdb0g4ma498f4w0fg2-kubernetes-helm-4.2.4",
              "default": true
            }
          ],
          "store_path": "/nix/store/6lhz67pghv20aihdb0g4ma498f4w0fg2-kubernetes-helm-4.2.4"
        },
        "x86_64-linux": {
          "outputs": [
            {
              "name": "out",
              "path": "/nix/store/69m712ydd319xm8bg7s744wqfca27fqj-kubernetes-helm-4.2.4",
              "default": true
            }
          ],
          "store_path": "/nix/store/69m712ydd319xm8bg7s744wqfca27fqj-kubernetes-helm-4.2.4"
        }
      }
    },
    "lefthook@2.1.10": {
      "last_modified": "2026-09-01T09:24:39Z",
      "resolved": "github:NixOS/nixpkgs/f0e996ff59c7624eba9db8972e8f1623a69d3b83#lefthook",
      "source": "devbox-search",
      "version": "2.1.10",
      "systems": {
        "aarch64-darwin": {
          "outputs": [
            {
              "name": "out",
              "path": "/nix/store/p9qmpwmv4r8igpgclxv9c3w37pnf4bpw-lefthook-2.1.10",
              "default": true
            }
          ],
          "store_path": "/nix/store/p9qmpwmv4r8igpgclxv9c3w37pnf4bpw-lefthook-2.1.10"
        },
        "aarch64-linux": {
          "outputs": [
            {
              "name": "out",
              "path": "/nix/store/hs4asvnkssmqgryq0hzg8prw2i5216ix-lefthook-2.1.10",
              "default": true
            }
          ],
          "store_path": "/nix/store/hs4asvnkssmqgryq0hzg8prw2i5216ix-lefthook-2.1.10"
        },
        "x86_64-linux": {
          "outputs": [
            {
              "name": "out",
              "path": "/nix/store/yvngyq9r8vj9jb0rwvx74bdqy3gc7kqy-lefthook-2.1.10",
              "default": true
            }
          ],
          "store_path": "/nix/store/yvngyq9r8vj9jb0rwvx74bdqy3gc7kqy-lefthook-2.1.10"
        }
      }
    },
    "protoc-gen-connect-go@1.20.0": {
      "last_modified": "2026-09-09T19:38:03Z",
      "resolved": "github:NixOS/nixpkgs/5052d7ccbcfb7e4ae1586cb2ecf95a2e3707dce9#protoc-gen-connect-go",
      "source": "devbox-search",
      "version": "1.20.0",
      "systems": {
        "aarch64-darwin": {
          "outputs": [
            {
              "name": "out",
              "path": "/nix/store/j7fxq9slp4qgqk8bmxc51jb7prq9h1wa-protoc-gen-connect-go-1.20.0",
              "default": true
            }
          ],
          "store_path": "/nix/store/j7fxq9slp4qgqk8bmxc51jb7prq9h1wa-protoc-gen-connect-go-1.20.0"
        },
        "aarch64-linux": {
          "outputs": [
            {
              "name": "out",
              "path": "/nix/store/f47hxgj2asj9wgr1q83407bgy8x749la-protoc-gen-connect-go-1.20.0",
              "default": true
            }
          ],
          "store_path": "/nix/store/f47hxgj2asj9wgr1q83407bgy8x749la-protoc-gen-connect-go-1.20.0"
        },
        "x86_64-darwin": {
          "outputs": [
            {
              "name": "out",
              "path": "/nix/store/aviwlwf4lp1ig3047mv7552k934jzwai-protoc-gen-connect-go-1.20.0",
              "default": true
            }
          ],
          "store_path": "/nix/store/aviwlwf4lp1ig3047mv7552k934jzwai-protoc-gen-connect-go-1.20.0"
        },
        "x86_64-linux": {
          "outputs": [
            {
              "name": "out",
              "path": "/nix/store/aan18nh048mqrnv4qimfy1d45x8l9gwp-protoc-gen-connect-go-1.20.0",
              "default": true
            }
          ],
          "store_path": "/nix/store/aan18nh048mqrnv4qimfy1d45x8l9gwp-protoc-gen-connect-go-1.20.0"
        }
      }
    },
    "protoc-gen-go@1.36.12": {
      "last_modified": "2026-10-02T22:55:44Z",
      "resolved": "github:NixOS/nixpkgs/55ba7f49ef2962b42cbd126522b7df5f95037679#protoc-gen-go",
      "source": "devbox-search",
      "version": "1.36.12",
      "systems": {
        "aarch64-darwin": {
          "outputs": [
            {
              "name": "out",
              "path": "/nix/store/pfcqb99ryyygq1d9n0swknss7i4qqk59-protoc-gen-go-1.36.12",
              "default": true
            }
          ],
          "store_path": "/nix/store/pfcqb99ryyygq1d9n0swknss7i4qqk59-protoc-gen-go-1.36.12"
        },
        "aarch64-linux": {
          "outputs": [
            {
              "name": "out",
              "path": "/nix/store/vc0w4gkyllgdzz3kfcgslqswf7p5pj6r-protoc-gen-go-1.36.12",
              "default": true
            }
          ],
          "store_path": "/nix/store/vc0w4gkyllgdzz3kfcgslqswf7p5pj6r-protoc-gen-go-1.36.12"
        },
        "x86_64-linux": {
          "outputs": [
            {
              "name": "out",
              "path": "/nix/store/ynildqwainvx2a11pf7yyqf2cknzhk52-protoc-gen-go-1.36.12",
              "default": true
            }
          ],
          "store_path": "/nix/store/ynildqwainvx2a11pf7yyqf2cknzhk52-protoc-gen-go-1.36.12"
        }
      }
    }
  }
}
